
Microsoft Visual Studio Solution File, Format Version 12.00
# Visual Studio Version 17
VisualStudioVersion = 17.0.31903.59
MinimumVisualStudioVersion = 10.0.40219.1
Project("{2150E333-8FDC-42A3-9474-1A3956D46DE8}") = "src", "src", "{5B85DBC0-BD98-4677-A3B3-3BEB02D5BDE3}"
EndProject
Project("{9A19103F-16F7-4668-BE54-9A1E7A4F7556}") = "DotBoil", "src\DotBoil\DotBoil.csproj", "{948D0C0B-A73C-4EE1-8EF4-29F2912ABA42}"
EndProject
Project("{9A19103F-16F7-4668-BE54-9A1E7A4F7556}") = "DotBoil.Versioning", "src\DotBoil.Versioning\DotBoil.Versioning.csproj", "{4BECB59B-F52A-49AF-AE6B-9BA064B86BC5}"
EndProject
Project("{9A19103F-16F7-4668-BE54-9A1E7A4F7556}") = "DotBoil.Swag", "src\DotBoil.Swag\DotBoil.Swag.csproj", "{D5316D0E-F269-4001-9E83-EB651FECBBE1}"
EndProject
Project("{9A19103F-16F7-4668-BE54-9A1E7A4F7556}") = "DotBoil.Logging", "src\DotBoil.Logging\DotBoil.Logging.csproj", "{96F78663-8055-4578-A289-907B66ACA122}"
EndProject
Project("{9A19103F-16F7-4668-BE54-9A1E7A4F7556}") = "DotBoil.Health", "src\DotBoil.Health\DotBoil.Health.csproj", "{C44401F9-3183-43F4-BEFE-978CA2B77BBE}"
EndProject
Project("{9A19103F-16F7-4668-BE54-9A1E7A4F7556}") = "DotBoil.Validator", "src\DotBoil.Validator\DotBoil.Validator.csproj", "{6AC9A771-3F7F-441F-B3A6-744E8D77A47E}"
EndProject
Project("{9A19103F-16F7-4668-BE54-9A1E7A4F7556}") = "DotBoil.Cors", "src\DotBoil.Cors\DotBoil.Cors.csproj", "{5CDC081B-7686-48DE-A869-0BA7B312D1EA}"
EndProject
Project("{9A19103F-16F7-4668-BE54-9A1E7A4F7556}") = "DotBoil.Mapper", "src\DotBoil.Mapper\DotBoil.Mapper.csproj", "{3FCC150F-9AAA-4EE0-AC6B-B8E30EF9D7FB}"
EndProject
Project("{9A19103F-16F7-4668-BE54-9A1E7A4F7556}") = "DotBoil.Email", "src\DotBoil.Email\DotBoil.Email.csproj", "{6C961CDE-9185-4928-B207-F8E7CBC07285}"
EndProject
Project("{FAE04EC0-301F-11D3-BF4B-00C04F79EFBC}") = "DotBoil.EntityFrameworkCore", "src\DotBoil.EntityFrameworkCore\DotBoil.EntityFrameworkCore.csproj", "{A913A09E-6450-41F9-ACD4-9203EF1E7096}"
EndProject
Project("{FAE04EC0-301F-11D3-BF4B-00C04F79EFBC}") = "DotBoil.Caching", "src\DotBoil.Caching\DotBoil.Caching.csproj", "{DD91E78E-4808-4E7C-9542-5009EE3425EE}"
EndProject
Project("{FAE04EC0-301F-11D3-BF4B-00C04F79EFBC}") = "DotBoil.MassTransit", "src\DotBoil.MassTransit\DotBoil.MassTransit.csproj", "{E8D2772B-2181-4A9A-93F4-092E5FB0F96B}"
EndProject
Global
	GlobalSection(SolutionConfigurationPlatforms) = preSolution
		Debug|Any CPU = Debug|Any CPU
		Release|Any CPU = Release|Any CPU
	EndGlobalSection
	GlobalSection(ProjectConfigurationPlatforms) = postSolution
		{948D0C0B-A73C-4EE1-8EF4-29F2912ABA42}.Debug|Any CPU.ActiveCfg = Debug|Any CPU
		{948D0C0B-A73C-4EE1-8EF4-29F2912ABA42}.Debug|Any CPU.Build.0 = Debug|Any CPU
		{948D0C0B-A73C-4EE1-8EF4-29F2912ABA42}.Release|Any CPU.ActiveCfg = Release|Any CPU
		{948D0C0B-A73C-4EE1-8EF4-29F2912ABA42}.Release|Any CPU.Build.0 = Release|Any CPU
		{4BECB59B-F52A-49AF-AE6B-9BA064B86BC5}.Debug|Any CPU.ActiveCfg = Debug|Any CPU
		{4BECB59B-F52A-49AF-AE6B-9BA064B86BC5}.Debug|Any CPU.Build.0 = Debug|Any CPU
		{4BECB59B-F52A-49AF-AE6B-9BA064B86BC5}.Release|Any CPU.ActiveCfg = Release|Any CPU
		{4BECB59B-F52A-49AF-AE6B-9BA064B86BC5}.Release|Any CPU.Build.0 = Release|Any CPU
		{D5316D0E-F269-4001-9E83-EB651FECBBE1}.Debug|Any CPU.ActiveCfg = Debug|Any CPU
		{D5316D0E-F269-4001-9E83-EB651FECBBE1}.Debug|Any CPU.Build.0 = Debug|Any CPU
		{D5316D0E-F269-4001-9E83-EB651FECBBE1}.Release|Any CPU.ActiveCfg = Release|Any CPU
		{D5316D0E-F269-4001-9E83-EB651FECBBE1}.Release|Any CPU.Build.0 = Release|Any CPU
		{96F78663-8055-4578-A289-907B66ACA122}.Debug|Any CPU.ActiveCfg = Debug|Any CPU
		{96F78663-8055-4578-A289-907B66ACA122}.Debug|Any CPU.Build.0 = Debug|Any CPU
		{96F78663-8055-4578-A289-907B66ACA122}.Release|Any CPU.ActiveCfg = Release|Any CPU
		{96F78663-8055-4578-A289-907B66ACA122}.Release|Any CPU.Build.0 = Release|Any CPU
		{C44401F9-3183-43F4-BEFE-978CA2B77BBE}.Debug|Any CPU.ActiveCfg = Debug|Any CPU
		{C44401F9-3183-43F4-BEFE-978CA2B77BBE}.Debug|Any CPU.Build.0 = Debug|Any CPU
		{C44401F9-3183-43F4-BEFE-978CA2B77BBE}.Release|Any CPU.ActiveCfg = Release|Any CPU
		{C44401F9-3183-43F4-BEFE-978CA2B77BBE}.Release|Any CPU.Build.0 = Release|Any CPU
		{6AC9A771-3F7F-441F-B3A6-744E8D77A47E}.Debug|Any CPU.ActiveCfg = Debug|Any CPU
		{6AC9A771-3F7F-441F-B3A6-744E8D77A47E}.Debug|Any CPU.Build.0 = Debug|Any CPU
		{6AC9A771-3F7F-441F-B3A6-744E8D77A47E}.Release|Any CPU.ActiveCfg = Release|Any CPU
		{6AC9A771-3F7F-441F-B3A6-744E8D77A47E}.Release|Any CPU.Build.0 = Release|Any CPU
		{5CDC081B-7686-48DE-A869-0BA7B312D1EA}.Debug|Any CPU.ActiveCfg = Debug|Any CPU
		{5CDC081B-7686-48DE-A869-0BA7B312D1EA}.Debug|Any CPU.Build.0 = Debug|Any CPU
		{5CDC081B-7686-48DE-A869-0BA7B312D1EA}.Release|Any CPU.ActiveCfg = Release|Any CPU
		{5CDC081B-7686-48DE-A869-0BA7B312D1EA}.Release|Any CPU.Build.0 = Release|Any CPU
		{3FCC150F-9AAA-4EE0-AC6B-B8E30EF9D7FB}.Debug|Any CPU.ActiveCfg = Debug|Any CPU
		{3FCC150F-9AAA-4EE0-AC6B-B8E30EF9D7FB}.Debug|Any CPU.Build.0 = Debug|Any CPU
		{3FCC150F-9AAA-4EE0-AC6B-B8E30EF9D7FB}.Release|Any CPU.ActiveCfg = Release|Any CPU
		{3FCC150F-9AAA-4EE0-AC6B-B8E30EF9D7FB}.Release|Any CPU.Build.0 = Release|Any CPU
		{6C961CDE-9185-4928-B207-F8E7CBC07285}.Debug|Any CPU.ActiveCfg = Debug|Any CPU
		{6C961CDE-9185-4928-B207-F8E7CBC07285}.Debug|Any CPU.Build.0 = Debug|Any CPU
		{6C961CDE-9185-4928-B207-F8E7CBC07285}.Release|Any CPU.ActiveCfg = Release|Any CPU
		{6C961CDE-9185-4928-B207-F8E7CBC07285}.Release|Any CPU.Build.0 = Release|Any CPU
		{A913A09E-6450-41F9-ACD4-9203EF1E7096}.Debug|Any CPU.ActiveCfg = Debug|Any CPU
		{A913A09E-6450-41F9-ACD4-9203EF1E7096}.Debug|Any CPU.Build.0 = Debug|Any CPU
		{A913A09E-6450-41F9-ACD4-9203EF1E7096}.Release|Any CPU.ActiveCfg = Release|Any CPU
		{A913A09E-6450-41F9-ACD4-9203EF1E7096}.Release|Any CPU.Build.0 = Release|Any CPU
		{DD91E78E-4808-4E7C-9542-5009EE3425EE}.Debug|Any CPU.ActiveCfg = Debug|Any CPU
		{DD91E78E-4808-4E7C-9542-5009EE3425EE}.Debug|Any CPU.Build.0 = Debug|Any CPU
		{DD91E78E-4808-4E7C-9542-5009EE3425EE}.Release|Any CPU.ActiveCfg = Release|Any CPU
		{DD91E78E-4808-4E7C-9542-5009EE3425EE}.Release|Any CPU.Build.0 = Release|Any CPU
		{E8D2772B-2181-4A9A-93F4-092E5FB0F96B}.Debug|Any CPU.ActiveCfg = Debug|Any CPU
		{E8D2772B-2181-4A9A-93F4-092E5FB0F96B}.Debug|Any CPU.Build.0 = Debug|Any CPU
		{E8D2772B-2181-4A9A-93F4-092E5FB0F96B}.Release|Any CPU.ActiveCfg = Release|Any CPU
		{E8D2772B-2181-4A9A-93F4-092E5FB0F96B}.Release|Any CPU.Build.0 = Release|Any CPU
	EndGlobalSection
	GlobalSection(SolutionProperties) = preSolution
		HideSolutionNode = FALSE
	EndGlobalSection
	GlobalSection(NestedProjects) = preSolution
		{948D0C0B-A73C-4EE1-8EF4-29F2912ABA42} = {5B85DBC0-BD98-4677-A3B3-3BEB02D5BDE3}
		{4BECB59B-F52A-49AF-AE6B-9BA064B86BC5} = {5B85DBC0-BD98-4677-A3B3-3BEB02D5BDE3}
		{D5316D0E-F269-4001-9E83-EB651FECBBE1} = {5B85DBC0-BD98-4677-A3B3-3BEB02D5BDE3}
		{96F78663-8055-4578-A289-907B66ACA122} = {5B85DBC0-BD98-4677-A3B3-3BEB02D5BDE3}
		{C44401F9-3183-43F4-BEFE-978CA2B77BBE} = {5B85DBC0-BD98-4677-A3B3-3BEB02D5BDE3}
		{6AC9A771-3F7F-441F-B3A6-744E8D77A47E} = {5B85DBC0-BD98-4677-A3B3-3BEB02D5BDE3}
		{5CDC081B-7686-48DE-A869-0BA7B312D1EA} = {5B85DBC0-BD98-4677-A3B3-3BEB02D5BDE3}
		{3FCC150F-9AAA-4EE0-AC6B-B8E30EF9D7FB} = {5B85DBC0-BD98-4677-A3B3-3BEB02D5BDE3}
		{6C961CDE-9185-4928-B207-F8E7CBC07285} = {5B85DBC0-BD98-4677-A3B3-3BEB02D5BDE3}
		{A913A09E-6450-41F9-ACD4-9203EF1E7096} = {5B85DBC0-BD98-4677-A3B3-3BEB02D5BDE3}
		{DD91E78E-4808-4E7C-9542-5009EE3425EE} = {5B85DBC0-BD98-4677-A3B3-3BEB02D5BDE3}
		{E8D2772B-2181-4A9A-93F4-092E5FB0F96B} = {5B85DBC0-BD98-4677-A3B3-3BEB02D5BDE3}
	EndGlobalSection
	GlobalSection(ExtensibilityGlobals) = postSolution
		SolutionGuid = {40415635-D3DD-4116-98C9-30E9D789EF4F}
	EndGlobalSection
EndGlobal
